
Microsoft Visual Studio Solution File, Format Version 12.00
# Visual Studio 15
VisualStudioVersion = 15.0.28307.757
MinimumVisualStudioVersion = 10.0.40219.1
Project("{FAE04EC0-301F-11D3-BF4B-00C04F79EFBC}") = "Sec9ExercRes1", "Sec9ExercRes1\Sec9ExercRes1.csproj", "{0570F7BA-1488-4328-84D4-B2693391199F}"
EndProject
Global
	GlobalSection(SolutionConfigurationPlatforms) = preSolution
		Debug|Any CPU = Debug|Any CPU
		Release|Any CPU = Release|Any CPU
	EndGlobalSection
	GlobalSection(ProjectConfigurationPlatforms) = postSolution
		{0570F7BA-1488-4328-84D4-B2693391199F}.Debug|Any CPU.ActiveCfg = Debug|Any CPU
		{0570F7BA-1488-4328-84D4-B2693391199F}.Debug|Any CPU.Build.0 = Debug|Any CPU
		{0570F7BA-1488-4328-84D4-B2693391199F}.Release|Any CPU.ActiveCfg = Release|Any CPU
		{0570F7BA-1488-4328-84D4-B2693391199F}.Release|Any CPU.Build.0 = Release|Any CPU
	EndGlobalSection
	GlobalSection(SolutionProperties) = preSolution
		HideSolutionNode = FALSE
	EndGlobalSection
	GlobalSection(ExtensibilityGlobals) = postSolution
		SolutionGuid = {D6B8E9A3-DD9B-4A93-BB4C-FF9B94DAD6AD}
	EndGlobalSection
EndGlobal
